
Microsoft Visual Studio Solution File, Format Version 12.00
# Visual Studio Version 17
VisualStudioVersion = 17.8.34601.278
MinimumVisualStudioVersion = 10.0.40219.1
Project("{9A19103F-16F7-4668-BE54-9A1E7A4F7556}") = "BusarovsQuckBite", "BusarovsQuckBite\BusarovsQuckBite.csproj", "{9A073CBA-A66C-4B02-8297-3D3EE0FF1F19}"
EndProject
Project("{9A19103F-16F7-4668-BE54-9A1E7A4F7556}") = "BusarovsQuickBite.Tests", "BusarovsQuickBite.Tests\BusarovsQuickBite.Tests.csproj", "{A84C18EB-A1AB-4BDE-975C-2F531968E299}"
EndProject
Project("{9A19103F-16F7-4668-BE54-9A1E7A4F7556}") = "BusarovsQuickBite.Infrastructure", "BusarovsQuickBite.Infrastructure\BusarovsQuickBite.Infrastructure.csproj", "{F8A9A744-596A-4BF4-B3E4-6BDAA7EE45C8}"
EndProject
Project("{FAE04EC0-301F-11D3-BF4B-00C04F79EFBC}") = "BusarovsQuickBite.Core", "BusarovsQuickBite.Core\BusarovsQuickBite.Core.csproj", "{60AA9A0A-6359-431C-9051-4C9240E266AE}"
EndProject
Global
	GlobalSection(SolutionConfigurationPlatforms) = preSolution
		Debug|Any CPU = Debug|Any CPU
		Release|Any CPU = Release|Any CPU
	EndGlobalSection
	GlobalSection(ProjectConfigurationPlatforms) = postSolution
		{9A073CBA-A66C-4B02-8297-3D3EE0FF1F19}.Debug|Any CPU.ActiveCfg = Debug|Any CPU
		{9A073CBA-A66C-4B02-8297-3D3EE0FF1F19}.Debug|Any CPU.Build.0 = Debug|Any CPU
		{9A073CBA-A66C-4B02-8297-3D3EE0FF1F19}.Release|Any CPU.ActiveCfg = Release|Any CPU
		{9A073CBA-A66C-4B02-8297-3D3EE0FF1F19}.Release|Any CPU.Build.0 = Release|Any CPU
		{A84C18EB-A1AB-4BDE-975C-2F531968E299}.Debug|Any CPU.ActiveCfg = Debug|Any CPU
		{A84C18EB-A1AB-4BDE-975C-2F531968E299}.Debug|Any CPU.Build.0 = Debug|Any CPU
		{A84C18EB-A1AB-4BDE-975C-2F531968E299}.Release|Any CPU.ActiveCfg = Release|Any CPU
		{A84C18EB-A1AB-4BDE-975C-2F531968E299}.Release|Any CPU.Build.0 = Release|Any CPU
		{F8A9A744-596A-4BF4-B3E4-6BDAA7EE45C8}.Debug|Any CPU.ActiveCfg = Debug|Any CPU
		{F8A9A744-596A-4BF4-B3E4-6BDAA7EE45C8}.Debug|Any CPU.Build.0 = Debug|Any CPU
		{F8A9A744-596A-4BF4-B3E4-6BDAA7EE45C8}.Release|Any CPU.ActiveCfg = Release|Any CPU
		{F8A9A744-596A-4BF4-B3E4-6BDAA7EE45C8}.Release|Any CPU.Build.0 = Release|Any CPU
		{60AA9A0A-6359-431C-9051-4C9240E266AE}.Debug|Any CPU.ActiveCfg = Debug|Any CPU
		{60AA9A0A-6359-431C-9051-4C9240E266AE}.Debug|Any CPU.Build.0 = Debug|Any CPU
		{60AA9A0A-6359-431C-9051-4C9240E266AE}.Release|Any CPU.ActiveCfg = Release|Any CPU
		{60AA9A0A-6359-431C-9051-4C9240E266AE}.Release|Any CPU.Build.0 = Release|Any CPU
	EndGlobalSection
	GlobalSection(SolutionProperties) = preSolution
		HideSolutionNode = FALSE
	EndGlobalSection
	GlobalSection(ExtensibilityGlobals) = postSolution
		SolutionGuid = {2ABA63F2-3DE9-420A-88EB-435FBBE8D90C}
	EndGlobalSection
EndGlobal
